
Microsoft Visual Studio Solution File, Format Version 12.00
Project("{2150E333-8FDC-42A3-9474-1A3956D46DE8}") = "apps", "apps", "{14E4F239-DCA2-4307-9354-48563E843638}"
EndProject
Project("{FAE04EC0-301F-11D3-BF4B-00C04F79EFBC}") = "TechnicalTest.Api", "apps\backend\TechnicalTest.Api\TechnicalTest.Api.csproj", "{443D3A4B-433F-48E1-AFC4-C464854251B0}"
EndProject
Project("{FAE04EC0-301F-11D3-BF4B-00C04F79EFBC}") = "TechnicalTest.User", "src\TechnicalTest.User\TechnicalTest.User.csproj", "{5332C58F-9AFA-4FE0-A8D2-F41A18D5FF00}"
EndProject
Project("{2150E333-8FDC-42A3-9474-1A3956D46DE8}") = "src", "src", "{B866DF8A-9D3E-41BB-BD4A-686C11D9AC0D}"
EndProject
Project("{FAE04EC0-301F-11D3-BF4B-00C04F79EFBC}") = "TechnicalTest.Shared", "src\TechnicalTest.Shared\TechnicalTest.Shared.csproj", "{BC364BC0-49A6-4AD0-B4A1-337E9C17BAEE}"
EndProject
Project("{2150E333-8FDC-42A3-9474-1A3956D46DE8}") = "test", "test", "{D0B41CC3-5667-4ADC-8E06-CC20668D87E4}"
EndProject
Project("{FAE04EC0-301F-11D3-BF4B-00C04F79EFBC}") = "TechnicalTest.Tests", "test\TechnicalTest.Tests\TechnicalTest.Tests.csproj", "{6821305E-702A-4FE4-A664-1242A27ED8F4}"
EndProject
Project("{2150E333-8FDC-42A3-9474-1A3956D46DE8}") = "frontend", "frontend", "{26102BD0-13CA-4D10-A167-2278926DB475}"
EndProject
Project("{2150E333-8FDC-42A3-9474-1A3956D46DE8}") = "backend", "backend", "{F2AEAAEF-D705-4B93-930C-F43F5A76D103}"
EndProject
Project("{FAE04EC0-301F-11D3-BF4B-00C04F79EFBC}") = "TechnicalTest.Web", "apps\frontend\TechnicalTest.Web\TechnicalTest.Web.csproj", "{6EBFBC0F-53D3-488B-B797-EEF2D659E5BB}"
EndProject
Global
	GlobalSection(SolutionConfigurationPlatforms) = preSolution
		Debug|Any CPU = Debug|Any CPU
		Release|Any CPU = Release|Any CPU
	EndGlobalSection
	GlobalSection(ProjectConfigurationPlatforms) = postSolution
		{443D3A4B-433F-48E1-AFC4-C464854251B0}.Debug|Any CPU.ActiveCfg = Debug|Any CPU
		{443D3A4B-433F-48E1-AFC4-C464854251B0}.Debug|Any CPU.Build.0 = Debug|Any CPU
		{443D3A4B-433F-48E1-AFC4-C464854251B0}.Release|Any CPU.ActiveCfg = Release|Any CPU
		{443D3A4B-433F-48E1-AFC4-C464854251B0}.Release|Any CPU.Build.0 = Release|Any CPU
		{5332C58F-9AFA-4FE0-A8D2-F41A18D5FF00}.Debug|Any CPU.ActiveCfg = Debug|Any CPU
		{5332C58F-9AFA-4FE0-A8D2-F41A18D5FF00}.Debug|Any CPU.Build.0 = Debug|Any CPU
		{5332C58F-9AFA-4FE0-A8D2-F41A18D5FF00}.Release|Any CPU.ActiveCfg = Release|Any CPU
		{5332C58F-9AFA-4FE0-A8D2-F41A18D5FF00}.Release|Any CPU.Build.0 = Release|Any CPU
		{BC364BC0-49A6-4AD0-B4A1-337E9C17BAEE}.Debug|Any CPU.ActiveCfg = Debug|Any CPU
		{BC364BC0-49A6-4AD0-B4A1-337E9C17BAEE}.Debug|Any CPU.Build.0 = Debug|Any CPU
		{BC364BC0-49A6-4AD0-B4A1-337E9C17BAEE}.Release|Any CPU.ActiveCfg = Release|Any CPU
		{BC364BC0-49A6-4AD0-B4A1-337E9C17BAEE}.Release|Any CPU.Build.0 = Release|Any CPU
		{6821305E-702A-4FE4-A664-1242A27ED8F4}.Debug|Any CPU.ActiveCfg = Debug|Any CPU
		{6821305E-702A-4FE4-A664-1242A27ED8F4}.Debug|Any CPU.Build.0 = Debug|Any CPU
		{6821305E-702A-4FE4-A664-1242A27ED8F4}.Release|Any CPU.ActiveCfg = Release|Any CPU
		{6821305E-702A-4FE4-A664-1242A27ED8F4}.Release|Any CPU.Build.0 = Release|Any CPU
		{6EBFBC0F-53D3-488B-B797-EEF2D659E5BB}.Debug|Any CPU.ActiveCfg = Debug|Any CPU
		{6EBFBC0F-53D3-488B-B797-EEF2D659E5BB}.Debug|Any CPU.Build.0 = Debug|Any CPU
		{6EBFBC0F-53D3-488B-B797-EEF2D659E5BB}.Release|Any CPU.ActiveCfg = Release|Any CPU
		{6EBFBC0F-53D3-488B-B797-EEF2D659E5BB}.Release|Any CPU.Build.0 = Release|Any CPU
	EndGlobalSection
	GlobalSection(NestedProjects) = preSolution
		{5332C58F-9AFA-4FE0-A8D2-F41A18D5FF00} = {B866DF8A-9D3E-41BB-BD4A-686C11D9AC0D}
		{BC364BC0-49A6-4AD0-B4A1-337E9C17BAEE} = {B866DF8A-9D3E-41BB-BD4A-686C11D9AC0D}
		{6821305E-702A-4FE4-A664-1242A27ED8F4} = {D0B41CC3-5667-4ADC-8E06-CC20668D87E4}
		{443D3A4B-433F-48E1-AFC4-C464854251B0} = {F2AEAAEF-D705-4B93-930C-F43F5A76D103}
		{6EBFBC0F-53D3-488B-B797-EEF2D659E5BB} = {26102BD0-13CA-4D10-A167-2278926DB475}
	EndGlobalSection
EndGlobal
